
Microsoft Visual Studio Solution File, Format Version 12.00
# Visual Studio 14
VisualStudioVersion = 14.0.23107.0
MinimumVisualStudioVersion = 10.0.40219.1
Project("{FAE04EC0-301F-11D3-BF4B-00C04F79EFBC}") = "SportSystem.Data", "SportSystem.Data\SportSystem.Data.csproj", "{C2759BEB-DF97-4C64-893F-200BC57BBFC3}"
EndProject
Project("{FAE04EC0-301F-11D3-BF4B-00C04F79EFBC}") = "SportSystem.Model", "SportSystem.Model\SportSystem.Model.csproj", "{339906F3-AC19-4100-ABAF-EF355D018196}"
EndProject
Project("{FAE04EC0-301F-11D3-BF4B-00C04F79EFBC}") = "SportSystem.Web", "SportSystem.Web\SportSystem.Web.csproj", "{8E4A3812-454A-4A6B-9653-A2A29FD843CA}"
EndProject
Global
	GlobalSection(SolutionConfigurationPlatforms) = preSolution
		Debug|Any CPU = Debug|Any CPU
		Release|Any CPU = Release|Any CPU
	EndGlobalSection
	GlobalSection(ProjectConfigurationPlatforms) = postSolution
		{C2759BEB-DF97-4C64-893F-200BC57BBFC3}.Debug|Any CPU.ActiveCfg = Debug|Any CPU
		{C2759BEB-DF97-4C64-893F-200BC57BBFC3}.Debug|Any CPU.Build.0 = Debug|Any CPU
		{C2759BEB-DF97-4C64-893F-200BC57BBFC3}.Release|Any CPU.ActiveCfg = Release|Any CPU
		{C2759BEB-DF97-4C64-893F-200BC57BBFC3}.Release|Any CPU.Build.0 = Release|Any CPU
		{339906F3-AC19-4100-ABAF-EF355D018196}.Debug|Any CPU.ActiveCfg = Debug|Any CPU
		{339906F3-AC19-4100-ABAF-EF355D018196}.Debug|Any CPU.Build.0 = Debug|Any CPU
		{339906F3-AC19-4100-ABAF-EF355D018196}.Release|Any CPU.ActiveCfg = Release|Any CPU
		{339906F3-AC19-4100-ABAF-EF355D018196}.Release|Any CPU.Build.0 = Release|Any CPU
		{8E4A3812-454A-4A6B-9653-A2A29FD843CA}.Debug|Any CPU.ActiveCfg = Debug|Any CPU
		{8E4A3812-454A-4A6B-9653-A2A29FD843CA}.Debug|Any CPU.Build.0 = Debug|Any CPU
		{8E4A3812-454A-4A6B-9653-A2A29FD843CA}.Release|Any CPU.ActiveCfg = Release|Any CPU
		{8E4A3812-454A-4A6B-9653-A2A29FD843CA}.Release|Any CPU.Build.0 = Release|Any CPU
	EndGlobalSection
	GlobalSection(SolutionProperties) = preSolution
		HideSolutionNode = FALSE
	EndGlobalSection
EndGlobal
